lockfileVersion: '9.0'

settings:
  autoInstallPeers: true
  excludeLinksFromLockfile: false

importers:

  .:
    dependencies:
      '@rsbuild/core':
        specifier: ^1.3.5
        version: 1.3.5
      worker-rspack-loader:
        specifier: ^3.1.2
        version: 3.1.2(@rspack/core@1.3.3(@swc/helpers@0.5.17))

packages:

  '@module-federation/error-codes@0.11.2':
    resolution: {integrity: sha512-ik1Qnn0I+WyEdprTck9WGlH41vGsVdUg8cfO+ZM02qOb2cZm5Vu3SlxGAobj6g7uAj0g8yINnd7h7Dci40BxQA==}

  '@module-federation/runtime-core@0.11.2':
    resolution: {integrity: sha512-dia5kKybi6MFU0s5PgglJwN27k7n9Sf69Cy5xZ4BWaP0qlaXTsxHKO0PECHNt2Pt8jDdyU29sQ4DwAQfxpnXJQ==}

  '@module-federation/runtime-tools@0.11.2':
    resolution: {integrity: sha512-4MJTGAxVq6vxQRkTtTlH7Mm9AVqgn0X9kdu+7RsL7T/qU+jeYsbrntN2CWG3GVVA8r5JddXyTI1iJ0VXQZLV1w==}

  '@module-federation/runtime@0.11.2':
    resolution: {integrity: sha512-Ya9u/L6z2LvhgpqxuKCB7LcigIIRf1BbaxAZIH7mzbq/A7rZtTP7v+73E433jvgiAlbAfPSZkeoYGele6hfRwA==}

  '@module-federation/sdk@0.11.2':
    resolution: {integrity: sha512-SBFe5xOamluT900J4AGBx+2/kCH/JbfqXoUwPSAC6PRzb8Y7LB0posnOGzmqYsLZXT37vp3d6AmJDsVoajDqxw==}

  '@module-federation/webpack-bundler-runtime@0.11.2':
    resolution: {integrity: sha512-WdwIE6QF+MKs/PdVu0cKPETF743JB9PZ62/qf7Uo3gU4fjsUMc37RnbJZ/qB60EaHHfjwp1v6NnhZw1r4eVsnw==}

  '@rsbuild/core@1.3.5':
    resolution: {integrity: sha512-Fn6nJ4YvLO2UtFcoSPxgJoiUdS0Iix7X1BsyZ+DCj3SGpVCxp3Td9x58F5uhcRraMZFPB91wvcS/OabYwT3N2w==}
    engines: {node: '>=16.7.0'}
    hasBin: true

  '@rspack/binding-darwin-arm64@1.3.3':
    resolution: {integrity: sha512-vbzEdpRCZl5+HXWsVjzSDqB9ZVIlqldV+udHp4YDD8qiwdQznVaBZke0eMzZ7kaInqRPsZ+UHQuVk6JaH/JkMQ==}
    cpu: [arm64]
    os: [darwin]

  '@rspack/binding-darwin-x64@1.3.3':
    resolution: {integrity: sha512-OXtY2s4nlYtUXkeJt8TQKKNIcN7PI8yDq0nqI75OfJoS4u1ZmRXJ8IMeSALLo8I+xD2RAF79tf7yhM/Y/AaiKQ==}
    cpu: [x64]
    os: [darwin]

  '@rspack/binding-linux-arm64-gnu@1.3.3':
    resolution: {integrity: sha512-Lluq3RLYzyCMdXr/HyALKEPGsr+196x8Ccuy5AmIRosOdWuwtSiomSRH1Ka8REUFNHfYy5y9SzfmIZo/E0QEmg==}
    cpu: [arm64]
    os: [linux]

  '@rspack/binding-linux-arm64-musl@1.3.3':
    resolution: {integrity: sha512-PIsicXWjOqzmoOutUqxpMNkCoKo+8/wxDyKxHFeu+5WIAxVFphe2d3H5qvEjc2MasWSdRmAVn9XiuIj2LIXFzA==}
    cpu: [arm64]
    os: [linux]

  '@rspack/binding-linux-x64-gnu@1.3.3':
    resolution: {integrity: sha512-BtksK73ZFdny2T/wU1x0kxBF4ruYUUArZDyeGfpO+vd/1nNYqzzdhGvOksKmtdvsO38ETr2gZ9+XZyr1vpy9uQ==}
    cpu: [x64]
    os: [linux]

  '@rspack/binding-linux-x64-musl@1.3.3':
    resolution: {integrity: sha512-jx86CxkTmyBz/eHDqZp1mCqBwY+UTEtaPlPoWFyGkJUR5ey6nQnxS+fhG34Rqz63chW+q/afwpGNGyALYdgc8g==}
    cpu: [x64]
    os: [linux]

  '@rspack/binding-win32-arm64-msvc@1.3.3':
    resolution: {integrity: sha512-uXAdDzajFToVrH3fCNVDP/uKQ9i5FQjJc2aYxsnhS9Su/CZB+UQsOecbq6MnIN2s0B9GBKBG8QdQEtS3RtC6Hg==}
    cpu: [arm64]
    os: [win32]

  '@rspack/binding-win32-ia32-msvc@1.3.3':
    resolution: {integrity: sha512-VBE6XsJ3IiAlozAywAIxAZ1Aqc2QVnEwBo0gP9998KkwL7wxB6Bg/OJnPbH3Q0ZaNWAQViC99rPC+5hSIdeSxw==}
    cpu: [ia32]
    os: [win32]

  '@rspack/binding-win32-x64-msvc@1.3.3':
    resolution: {integrity: sha512-rOsNz4/DFgSENjEh0t9kFn89feuXK14/9wbmmFlT8VMpYOCcj4tKcAHjWg+Nzzj4FL+NSOC/81SrUF9J+C2R7w==}
    cpu: [x64]
    os: [win32]

  '@rspack/binding@1.3.3':
    resolution: {integrity: sha512-zdwJ801tyC8k+Gu5RjNoc7bEtX0MgJzzVv9qpaMwcAUfUfwZgCzXPTqcGMDoNI+Z47Fw59/2fKCmgZhZn60AgA==}

  '@rspack/core@1.3.3':
    resolution: {integrity: sha512-+mXVlFcYr0tWezZfJ/gR0fj8njRc7pzEMtTFa2NO5cfsNAKPF/SXm4rb55kfa63r0b3U3N7f2nKrJG9wyG7zMQ==}
    engines: {node: '>=16.0.0'}
    peerDependencies:
      '@rspack/tracing': ^1.x
      '@swc/helpers': '>=0.5.1'
    peerDependenciesMeta:
      '@rspack/tracing':
        optional: true
      '@swc/helpers':
        optional: true

  '@rspack/lite-tapable@1.0.1':
    resolution: {integrity: sha512-VynGOEsVw2s8TAlLf/uESfrgfrq2+rcXB1muPJYBWbsm1Oa6r5qVQhjA5ggM6z/coYPrsVMgovl3Ff7Q7OCp1w==}
    engines: {node: '>=16.0.0'}

  '@swc/helpers@0.5.17':
    resolution: {integrity: sha512-5IKx/Y13RsYd+sauPb2x+U/xZikHjolzfuDgTAl/Tdf3Q8rslRvC19NKDLgAJQ6wsqADk10ntlv08nPFw/gO/A==}

  '@types/json-schema@7.0.15':
    resolution: {integrity: sha512-5+fP8P8MFNC+AyZCDxrB2pkZFPGzqQWUzpSeuuVLvm8VMcorNYavBqoFcxK8bQz4Qsbn4oUEEem4wDLfcysGHA==}

  ajv-keywords@3.5.2:
    resolution: {integrity: sha512-5p6WTN0DdTGVQk6VjcEju19IgaHudalcfabD7yhDGeA6bcQnmL+CpveLJq/3hvfwd1aof6L386Ougkx6RfyMIQ==}
    peerDependencies:
      ajv: ^6.9.1

  ajv@6.12.6:
    resolution: {integrity: sha512-j3fVLgvTo527anyYyJOGTYJbG+vnnQYvE0m5mmkc1TK+nxAppkCLMIL0aZ4dblVCNoGShhm+kzE4ZUykBoMg4g==}

  big.js@5.2.2:
    resolution: {integrity: sha512-vyL2OymJxmarO8gxMr0mhChsO9QGwhynfuu4+MHTAW6czfq9humCB7rKpUjDd9YUiDPU4mzpyupFSvOClAwbmQ==}

  caniuse-lite@1.0.30001713:
    resolution: {integrity: sha512-wCIWIg+A4Xr7NfhTuHdX+/FKh3+Op3LBbSp2N5Pfx6T/LhdQy3GTyoTg48BReaW/MyMNZAkTadsBtai3ldWK0Q==}

  core-js@3.41.0:
    resolution: {integrity: sha512-SJ4/EHwS36QMJd6h/Rg+GyR4A5xE0FSI3eZ+iBVpfqf1x0eTSg1smWLHrA+2jQThZSh97fmSgFSU8B61nxosxA==}

  emojis-list@3.0.0:
    resolution: {integrity: sha512-/kyM18EfinwXZbno9FyUGeFh87KC8HRQBQGildHZbEuRyWFOmv1U10o9BBp8XVZDVNNuQKyIGIu5ZYAAXJ0V2Q==}
    engines: {node: '>= 4'}

  fast-deep-equal@3.1.3:
    resolution: {integrity: sha512-f3qQ9oQy9j2AhBe/H9VC91wLmKBCCU/gDOnKNAYG5hswO7BLKj09Hc5HYNz9cGI++xlpDCIgDaitVs03ATR84Q==}

  fast-json-stable-stringify@2.1.0:
    resolution: {integrity: sha512-lhd/wF+Lk98HZoTCtlVraHtfh5XYijIjalXck7saUtuanSDyLMxnHhSXEDJqHxD7msR8D0uCmqlkwjCV8xvwHw==}

  jiti@2.4.2:
    resolution: {integrity: sha512-rg9zJN+G4n2nfJl5MW3BMygZX56zKPNVEYYqq7adpmMh4Jn2QNEwhvQlFy6jPVdcod7txZtKHWnyZiA3a0zP7A==}
    hasBin: true

  json-schema-traverse@0.4.1:
    resolution: {integrity: sha512-xbbCH5dCYU5T8LcEhhuh7HJ88HXuW3qsI3Y0zOZFKfZEHcpWiHU/Jxzk629Brsab/mMiHQti9wMP+845RPe3Vg==}

  json5@2.2.3:
    resolution: {integrity: sha512-XmOWe7eyHYH14cLdVPoyg+GOH3rYX++KpzrylJwSW98t3Nk+U8XOl8FWKOgwtzdb8lXGf6zYwDUzeHMWfxasyg==}
    engines: {node: '>=6'}
    hasBin: true

  loader-utils@2.0.4:
    resolution: {integrity: sha512-xXqpXoINfFhgua9xiqD8fPFHgkoq1mmmpE92WlDbm9rNRd/EbRb+Gqf908T2DMfuHjjJlksiK2RbHVOdD/MqSw==}
    engines: {node: '>=8.9.0'}

  punycode@2.3.1:
    resolution: {integrity: sha512-vYt7UD1U9Wg6138shLtLOvdAu+8DsC/ilFtEVHcH+wydcSpNE20AfSOduf6MkRFahL5FY7X1oU7nKVZFtfq8Fg==}
    engines: {node: '>=6'}

  schema-utils@3.3.0:
    resolution: {integrity: sha512-pN/yOAvcC+5rQ5nERGuwrjLlYvLTbCibnZ1I7B1LaiAz9BRBlE9GMgE/eqV30P7aJQUf7Ddimy/RsbYO/GrVGg==}
    engines: {node: '>= 10.13.0'}

  tslib@2.8.1:
    resolution: {integrity: sha512-oJFu94HQb+KVduSUQL7wnpmqnfmLsOA/nAh6b6EH0wCEoK0/mPeXU6c3wKDV83MkOuHPRHtSXKKU99IBazS/2w==}

  uri-js@4.4.1:
    resolution: {integrity: sha512-7rKUyy33Q1yc98pQ1DAmLtwX109F7TIfWlW1Ydo8Wl1ii1SeHieeh0HHfPeL2fMXK6z0s8ecKs9frCuLJvndBg==}

  worker-rspack-loader@3.1.2:
    resolution: {integrity: sha512-lz2CoI/xGUFtjGrfTfzU6193fRdqSPsYrwPppeVCyknnFjq384RQ8BTHYp/KVMsgrodIubZX/G/i7sxvwC9tSA==}
    engines: {node: '>= 10.13.0'}
    peerDependencies:
      '@rspack/core': 0.x || 1.x
      webpack: ^5.0.0
    peerDependenciesMeta:
      '@rspack/core':
        optional: true
      webpack:
        optional: true

snapshots:

  '@module-federation/error-codes@0.11.2': {}

  '@module-federation/runtime-core@0.11.2':
    dependencies:
      '@module-federation/error-codes': 0.11.2
      '@module-federation/sdk': 0.11.2

  '@module-federation/runtime-tools@0.11.2':
    dependencies:
      '@module-federation/runtime': 0.11.2
      '@module-federation/webpack-bundler-runtime': 0.11.2

  '@module-federation/runtime@0.11.2':
    dependencies:
      '@module-federation/error-codes': 0.11.2
      '@module-federation/runtime-core': 0.11.2
      '@module-federation/sdk': 0.11.2

  '@module-federation/sdk@0.11.2': {}

  '@module-federation/webpack-bundler-runtime@0.11.2':
    dependencies:
      '@module-federation/runtime': 0.11.2
      '@module-federation/sdk': 0.11.2

  '@rsbuild/core@1.3.5':
    dependencies:
      '@rspack/core': 1.3.3(@swc/helpers@0.5.17)
      '@rspack/lite-tapable': 1.0.1
      '@swc/helpers': 0.5.17
      core-js: 3.41.0
      jiti: 2.4.2
    transitivePeerDependencies:
      - '@rspack/tracing'

  '@rspack/binding-darwin-arm64@1.3.3':
    optional: true

  '@rspack/binding-darwin-x64@1.3.3':
    optional: true

  '@rspack/binding-linux-arm64-gnu@1.3.3':
    optional: true

  '@rspack/binding-linux-arm64-musl@1.3.3':
    optional: true

  '@rspack/binding-linux-x64-gnu@1.3.3':
    optional: true

  '@rspack/binding-linux-x64-musl@1.3.3':
    optional: true

  '@rspack/binding-win32-arm64-msvc@1.3.3':
    optional: true

  '@rspack/binding-win32-ia32-msvc@1.3.3':
    optional: true

  '@rspack/binding-win32-x64-msvc@1.3.3':
    optional: true

  '@rspack/binding@1.3.3':
    optionalDependencies:
      '@rspack/binding-darwin-arm64': 1.3.3
      '@rspack/binding-darwin-x64': 1.3.3
      '@rspack/binding-linux-arm64-gnu': 1.3.3
      '@rspack/binding-linux-arm64-musl': 1.3.3
      '@rspack/binding-linux-x64-gnu': 1.3.3
      '@rspack/binding-linux-x64-musl': 1.3.3
      '@rspack/binding-win32-arm64-msvc': 1.3.3
      '@rspack/binding-win32-ia32-msvc': 1.3.3
      '@rspack/binding-win32-x64-msvc': 1.3.3

  '@rspack/core@1.3.3(@swc/helpers@0.5.17)':
    dependencies:
      '@module-federation/runtime-tools': 0.11.2
      '@rspack/binding': 1.3.3
      '@rspack/lite-tapable': 1.0.1
      caniuse-lite: 1.0.30001713
    optionalDependencies:
      '@swc/helpers': 0.5.17

  '@rspack/lite-tapable@1.0.1': {}

  '@swc/helpers@0.5.17':
    dependencies:
      tslib: 2.8.1

  '@types/json-schema@7.0.15': {}

  ajv-keywords@3.5.2(ajv@6.12.6):
    dependencies:
      ajv: 6.12.6

  ajv@6.12.6:
    dependencies:
      fast-deep-equal: 3.1.3
      fast-json-stable-stringify: 2.1.0
      json-schema-traverse: 0.4.1
      uri-js: 4.4.1

  big.js@5.2.2: {}

  caniuse-lite@1.0.30001713: {}

  core-js@3.41.0: {}

  emojis-list@3.0.0: {}

  fast-deep-equal@3.1.3: {}

  fast-json-stable-stringify@2.1.0: {}

  jiti@2.4.2: {}

  json-schema-traverse@0.4.1: {}

  json5@2.2.3: {}

  loader-utils@2.0.4:
    dependencies:
      big.js: 5.2.2
      emojis-list: 3.0.0
      json5: 2.2.3

  punycode@2.3.1: {}

  schema-utils@3.3.0:
    dependencies:
      '@types/json-schema': 7.0.15
      ajv: 6.12.6
      ajv-keywords: 3.5.2(ajv@6.12.6)

  tslib@2.8.1: {}

  uri-js@4.4.1:
    dependencies:
      punycode: 2.3.1

  worker-rspack-loader@3.1.2(@rspack/core@1.3.3(@swc/helpers@0.5.17)):
    dependencies:
      loader-utils: 2.0.4
      schema-utils: 3.3.0
    optionalDependencies:
      '@rspack/core': 1.3.3(@swc/helpers@0.5.17)
