lockfileVersion: '9.0'

settings:
  autoInstallPeers: true
  excludeLinksFromLockfile: false

importers:

  .:
    dependencies:
      '@rsbuild/core':
        specifier: ^1.3.14
        version: 1.3.14
      worker-rspack-loader:
        specifier: ^3.1.2
        version: 3.1.2(@rspack/core@1.3.8(@swc/helpers@0.5.17))

packages:

  '@module-federation/error-codes@0.13.0':
    resolution: {integrity: sha512-4soAMLr7qcVWuvCsyRmBbiBfuhxmnDeyl+qzjMx8VurQgL+XQDQJapM9RXngNGT4g8FoCq9o7rM5YWNgFFNUiw==}

  '@module-federation/runtime-core@0.13.0':
    resolution: {integrity: sha512-Oj/1p0mfxZ+8EbU7ND4gMvRmikFpIvPCbblOgat9N8ZIVAKYpTimCgMhzg4yRqAwzlGCVwnnW7XZ8UlA+Zqrvg==}

  '@module-federation/runtime-tools@0.13.0':
    resolution: {integrity: sha512-6ECWX18yGrQKcmkrQoNPd5VEpxZP1SMaB/Bp55xlpEhsrpn4zHnriQluxDw6xldjSOLl1qbokfxwCwjS2OaEbg==}

  '@module-federation/runtime@0.13.0':
    resolution: {integrity: sha512-Ne/3AEVWz6LL6G/i41O5MC6YYlg0SatNNqG/0XbuMAfyGM+llRmB6VKt0o2+JR4isxWuPNp97TbUkkfORit6Eg==}

  '@module-federation/sdk@0.13.0':
    resolution: {integrity: sha512-JdMZaPD+EQvMJYS+/8/8QjaAHQ3qljogvioXBsAuedcStu/msn5e1Fswc0G34kXY9ixs2hUPZU2cAllfSKWIBQ==}

  '@module-federation/webpack-bundler-runtime@0.13.0':
    resolution: {integrity: sha512-ycgAsFeCTo+3GR8JxkhCyg2UZm6Au98ISdLTdVXYphO4UDcO/KjqyJen1LXEslkpCEohDj68Prei2fUHRruK6g==}

  '@rsbuild/core@1.3.14':
    resolution: {integrity: sha512-sfG/+23qVFbFj9CgglHaSRKxAuLbTQgOE2Iz6lpA8bRE56L2aZsSQl4v+p513lib6OH6PYttQdbLO9K8aVOfWg==}
    engines: {node: '>=16.10.0'}
    hasBin: true

  '@rspack/binding-darwin-arm64@1.3.8':
    resolution: {integrity: sha512-FlfWZzwCxDfLwyiqGaCSINHt2Er1Wno9xZrf2QM7Ss00HyocPo4BUYGYBEi4dai/fPFoeYKeEAdsNdrVmFH4+g==}
    cpu: [arm64]
    os: [darwin]

  '@rspack/binding-darwin-x64@1.3.8':
    resolution: {integrity: sha512-IGXDKHDHiL7WxE/OZMaeIuHzqOzDam3k8WrseHAdl5upKvCp/snwwGdulB/rqGxwkQIXIsv105vIFbGOAe2g0A==}
    cpu: [x64]
    os: [darwin]

  '@rspack/binding-linux-arm64-gnu@1.3.8':
    resolution: {integrity: sha512-PU9fv8knPvbxQb8NrDmTrLVpy8QY0vuhzk69/ZuLRW89c0P14HovYeHV+38cQHho4++avUQgVp6vnJI9vSQjtg==}
    cpu: [arm64]
    os: [linux]

  '@rspack/binding-linux-arm64-musl@1.3.8':
    resolution: {integrity: sha512-UMZBuTw5iXeA6gmtZYQvAb7g56odfoIkU6YvfqV67AMU0EY2y52sc7ABFloDzURJ1xd2om01Nlru8y48S2lMPw==}
    cpu: [arm64]
    os: [linux]

  '@rspack/binding-linux-x64-gnu@1.3.8':
    resolution: {integrity: sha512-48hfwVsD2/Caa0HgZiqE1T20H89cnomcaP92++x8t4IQ2uKA9xCeBW87RD/AaKXcb78aM987ctE+asKjN8OVjw==}
    cpu: [x64]
    os: [linux]

  '@rspack/binding-linux-x64-musl@1.3.8':
    resolution: {integrity: sha512-Jx+JlVnLzzVL/62NbEFaVcM2HU4QtNEF+wzo+yODNprx78ZLe3PJT/LdtwLMvE77K2PlGn5CZcmBay6Xwkd/2A==}
    cpu: [x64]
    os: [linux]

  '@rspack/binding-win32-arm64-msvc@1.3.8':
    resolution: {integrity: sha512-84tifCsYhir/p5GH0knBOXtLpfRzIFDxF4nF4bHsuwaA1uqwyk0WlWGt4ZwRUtyzh0TN4cJdnqJl/f5209BdLw==}
    cpu: [arm64]
    os: [win32]

  '@rspack/binding-win32-ia32-msvc@1.3.8':
    resolution: {integrity: sha512-Grrcfr95gRhJ7FbKtIxfhNAzSM+hvtD2jAMs9fmw/UrgiNsXeaWwJaYgImqHGirKIx8iygZ0t1q7ePIVM+SKMg==}
    cpu: [ia32]
    os: [win32]

  '@rspack/binding-win32-x64-msvc@1.3.8':
    resolution: {integrity: sha512-wW+Ig3kVqcRcY+3mxZnruN4AdeJYjbEBd2zvheEAOvx/DC+xEQ6czvDXbZEZQQ9rU/znhuKl0Z+898q8l3LwzA==}
    cpu: [x64]
    os: [win32]

  '@rspack/binding@1.3.8':
    resolution: {integrity: sha512-0oGrPgnwDsrDN7Swk7OZGvee8y/AdvDXF3f1QewkueJ5uyDaGszDxipEpf644HWIcj11fgNJQEphGEhaAVjofw==}

  '@rspack/core@1.3.8':
    resolution: {integrity: sha512-1zefymDypUROYzGGNa553JR1Ah8En25npwSRIZCuZvfjo6nME6XvjkMxQwhjzMStoqRmFD9+nKUHSiN5jVWWyw==}
    engines: {node: '>=16.0.0'}
    peerDependencies:
      '@swc/helpers': '>=0.5.1'
    peerDependenciesMeta:
      '@swc/helpers':
        optional: true

  '@rspack/lite-tapable@1.0.1':
    resolution: {integrity: sha512-VynGOEsVw2s8TAlLf/uESfrgfrq2+rcXB1muPJYBWbsm1Oa6r5qVQhjA5ggM6z/coYPrsVMgovl3Ff7Q7OCp1w==}
    engines: {node: '>=16.0.0'}

  '@swc/helpers@0.5.17':
    resolution: {integrity: sha512-5IKx/Y13RsYd+sauPb2x+U/xZikHjolzfuDgTAl/Tdf3Q8rslRvC19NKDLgAJQ6wsqADk10ntlv08nPFw/gO/A==}

  '@types/json-schema@7.0.15':
    resolution: {integrity: sha512-5+fP8P8MFNC+AyZCDxrB2pkZFPGzqQWUzpSeuuVLvm8VMcorNYavBqoFcxK8bQz4Qsbn4oUEEem4wDLfcysGHA==}

  ajv-keywords@3.5.2:
    resolution: {integrity: sha512-5p6WTN0DdTGVQk6VjcEju19IgaHudalcfabD7yhDGeA6bcQnmL+CpveLJq/3hvfwd1aof6L386Ougkx6RfyMIQ==}
    peerDependencies:
      ajv: ^6.9.1

  ajv@6.12.6:
    resolution: {integrity: sha512-j3fVLgvTo527anyYyJOGTYJbG+vnnQYvE0m5mmkc1TK+nxAppkCLMIL0aZ4dblVCNoGShhm+kzE4ZUykBoMg4g==}

  big.js@5.2.2:
    resolution: {integrity: sha512-vyL2OymJxmarO8gxMr0mhChsO9QGwhynfuu4+MHTAW6czfq9humCB7rKpUjDd9YUiDPU4mzpyupFSvOClAwbmQ==}

  caniuse-lite@1.0.30001716:
    resolution: {integrity: sha512-49/c1+x3Kwz7ZIWt+4DvK3aMJy9oYXXG6/97JKsnjdCk/6n9vVyWL8NAwVt95Lwt9eigI10Hl782kDfZUUlRXw==}

  core-js@3.41.0:
    resolution: {integrity: sha512-SJ4/EHwS36QMJd6h/Rg+GyR4A5xE0FSI3eZ+iBVpfqf1x0eTSg1smWLHrA+2jQThZSh97fmSgFSU8B61nxosxA==}

  emojis-list@3.0.0:
    resolution: {integrity: sha512-/kyM18EfinwXZbno9FyUGeFh87KC8HRQBQGildHZbEuRyWFOmv1U10o9BBp8XVZDVNNuQKyIGIu5ZYAAXJ0V2Q==}
    engines: {node: '>= 4'}

  fast-deep-equal@3.1.3:
    resolution: {integrity: sha512-f3qQ9oQy9j2AhBe/H9VC91wLmKBCCU/gDOnKNAYG5hswO7BLKj09Hc5HYNz9cGI++xlpDCIgDaitVs03ATR84Q==}

  fast-json-stable-stringify@2.1.0:
    resolution: {integrity: sha512-lhd/wF+Lk98HZoTCtlVraHtfh5XYijIjalXck7saUtuanSDyLMxnHhSXEDJqHxD7msR8D0uCmqlkwjCV8xvwHw==}

  jiti@2.4.2:
    resolution: {integrity: sha512-rg9zJN+G4n2nfJl5MW3BMygZX56zKPNVEYYqq7adpmMh4Jn2QNEwhvQlFy6jPVdcod7txZtKHWnyZiA3a0zP7A==}
    hasBin: true

  json-schema-traverse@0.4.1:
    resolution: {integrity: sha512-xbbCH5dCYU5T8LcEhhuh7HJ88HXuW3qsI3Y0zOZFKfZEHcpWiHU/Jxzk629Brsab/mMiHQti9wMP+845RPe3Vg==}

  json5@2.2.3:
    resolution: {integrity: sha512-XmOWe7eyHYH14cLdVPoyg+GOH3rYX++KpzrylJwSW98t3Nk+U8XOl8FWKOgwtzdb8lXGf6zYwDUzeHMWfxasyg==}
    engines: {node: '>=6'}
    hasBin: true

  loader-utils@2.0.4:
    resolution: {integrity: sha512-xXqpXoINfFhgua9xiqD8fPFHgkoq1mmmpE92WlDbm9rNRd/EbRb+Gqf908T2DMfuHjjJlksiK2RbHVOdD/MqSw==}
    engines: {node: '>=8.9.0'}

  punycode@2.3.1:
    resolution: {integrity: sha512-vYt7UD1U9Wg6138shLtLOvdAu+8DsC/ilFtEVHcH+wydcSpNE20AfSOduf6MkRFahL5FY7X1oU7nKVZFtfq8Fg==}
    engines: {node: '>=6'}

  schema-utils@3.3.0:
    resolution: {integrity: sha512-pN/yOAvcC+5rQ5nERGuwrjLlYvLTbCibnZ1I7B1LaiAz9BRBlE9GMgE/eqV30P7aJQUf7Ddimy/RsbYO/GrVGg==}
    engines: {node: '>= 10.13.0'}

  tslib@2.8.1:
    resolution: {integrity: sha512-oJFu94HQb+KVduSUQL7wnpmqnfmLsOA/nAh6b6EH0wCEoK0/mPeXU6c3wKDV83MkOuHPRHtSXKKU99IBazS/2w==}

  uri-js@4.4.1:
    resolution: {integrity: sha512-7rKUyy33Q1yc98pQ1DAmLtwX109F7TIfWlW1Ydo8Wl1ii1SeHieeh0HHfPeL2fMXK6z0s8ecKs9frCuLJvndBg==}

  worker-rspack-loader@3.1.2:
    resolution: {integrity: sha512-lz2CoI/xGUFtjGrfTfzU6193fRdqSPsYrwPppeVCyknnFjq384RQ8BTHYp/KVMsgrodIubZX/G/i7sxvwC9tSA==}
    engines: {node: '>= 10.13.0'}
    peerDependencies:
      '@rspack/core': 0.x || 1.x
      webpack: ^5.0.0
    peerDependenciesMeta:
      '@rspack/core':
        optional: true
      webpack:
        optional: true

snapshots:

  '@module-federation/error-codes@0.13.0': {}

  '@module-federation/runtime-core@0.13.0':
    dependencies:
      '@module-federation/error-codes': 0.13.0
      '@module-federation/sdk': 0.13.0

  '@module-federation/runtime-tools@0.13.0':
    dependencies:
      '@module-federation/runtime': 0.13.0
      '@module-federation/webpack-bundler-runtime': 0.13.0

  '@module-federation/runtime@0.13.0':
    dependencies:
      '@module-federation/error-codes': 0.13.0
      '@module-federation/runtime-core': 0.13.0
      '@module-federation/sdk': 0.13.0

  '@module-federation/sdk@0.13.0': {}

  '@module-federation/webpack-bundler-runtime@0.13.0':
    dependencies:
      '@module-federation/runtime': 0.13.0
      '@module-federation/sdk': 0.13.0

  '@rsbuild/core@1.3.14':
    dependencies:
      '@rspack/core': 1.3.8(@swc/helpers@0.5.17)
      '@rspack/lite-tapable': 1.0.1
      '@swc/helpers': 0.5.17
      core-js: 3.41.0
      jiti: 2.4.2

  '@rspack/binding-darwin-arm64@1.3.8':
    optional: true

  '@rspack/binding-darwin-x64@1.3.8':
    optional: true

  '@rspack/binding-linux-arm64-gnu@1.3.8':
    optional: true

  '@rspack/binding-linux-arm64-musl@1.3.8':
    optional: true

  '@rspack/binding-linux-x64-gnu@1.3.8':
    optional: true

  '@rspack/binding-linux-x64-musl@1.3.8':
    optional: true

  '@rspack/binding-win32-arm64-msvc@1.3.8':
    optional: true

  '@rspack/binding-win32-ia32-msvc@1.3.8':
    optional: true

  '@rspack/binding-win32-x64-msvc@1.3.8':
    optional: true

  '@rspack/binding@1.3.8':
    optionalDependencies:
      '@rspack/binding-darwin-arm64': 1.3.8
      '@rspack/binding-darwin-x64': 1.3.8
      '@rspack/binding-linux-arm64-gnu': 1.3.8
      '@rspack/binding-linux-arm64-musl': 1.3.8
      '@rspack/binding-linux-x64-gnu': 1.3.8
      '@rspack/binding-linux-x64-musl': 1.3.8
      '@rspack/binding-win32-arm64-msvc': 1.3.8
      '@rspack/binding-win32-ia32-msvc': 1.3.8
      '@rspack/binding-win32-x64-msvc': 1.3.8

  '@rspack/core@1.3.8(@swc/helpers@0.5.17)':
    dependencies:
      '@module-federation/runtime-tools': 0.13.0
      '@rspack/binding': 1.3.8
      '@rspack/lite-tapable': 1.0.1
      caniuse-lite: 1.0.30001716
    optionalDependencies:
      '@swc/helpers': 0.5.17

  '@rspack/lite-tapable@1.0.1': {}

  '@swc/helpers@0.5.17':
    dependencies:
      tslib: 2.8.1

  '@types/json-schema@7.0.15': {}

  ajv-keywords@3.5.2(ajv@6.12.6):
    dependencies:
      ajv: 6.12.6

  ajv@6.12.6:
    dependencies:
      fast-deep-equal: 3.1.3
      fast-json-stable-stringify: 2.1.0
      json-schema-traverse: 0.4.1
      uri-js: 4.4.1

  big.js@5.2.2: {}

  caniuse-lite@1.0.30001716: {}

  core-js@3.41.0: {}

  emojis-list@3.0.0: {}

  fast-deep-equal@3.1.3: {}

  fast-json-stable-stringify@2.1.0: {}

  jiti@2.4.2: {}

  json-schema-traverse@0.4.1: {}

  json5@2.2.3: {}

  loader-utils@2.0.4:
    dependencies:
      big.js: 5.2.2
      emojis-list: 3.0.0
      json5: 2.2.3

  punycode@2.3.1: {}

  schema-utils@3.3.0:
    dependencies:
      '@types/json-schema': 7.0.15
      ajv: 6.12.6
      ajv-keywords: 3.5.2(ajv@6.12.6)

  tslib@2.8.1: {}

  uri-js@4.4.1:
    dependencies:
      punycode: 2.3.1

  worker-rspack-loader@3.1.2(@rspack/core@1.3.8(@swc/helpers@0.5.17)):
    dependencies:
      loader-utils: 2.0.4
      schema-utils: 3.3.0
    optionalDependencies:
      '@rspack/core': 1.3.8(@swc/helpers@0.5.17)
